
Microsoft Visual Studio Solution File, Format Version 12.00
# Visual Studio Version 17
VisualStudioVersion = 17.1.31911.260
MinimumVisualStudioVersion = 10.0.40219.1
Project("{FAE04EC0-301F-11D3-BF4B-00C04F79EFBC}") = "ThoughtModelSample", "ThoughtModelSample\ThoughtModelSample.csproj", "{7502C491-CA18-45FB-9B38-C4D4DDFACA6B}"
EndProject
Global
	GlobalSection(SolutionConfigurationPlatforms) = preSolution
		Debug|Any CPU = Debug|Any CPU
		Release|Any CPU = Release|Any CPU
	EndGlobalSection
	GlobalSection(ProjectConfigurationPlatforms) = postSolution
		{7502C491-CA18-45FB-9B38-C4D4DDFACA6B}.Debug|Any CPU.ActiveCfg = Debug|Any CPU
		{7502C491-CA18-45FB-9B38-C4D4DDFACA6B}.Debug|Any CPU.Build.0 = Debug|Any CPU
		{7502C491-CA18-45FB-9B38-C4D4DDFACA6B}.Release|Any CPU.ActiveCfg = Release|Any CPU
		{7502C491-CA18-45FB-9B38-C4D4DDFACA6B}.Release|Any CPU.Build.0 = Release|Any CPU
	EndGlobalSection
	GlobalSection(SolutionProperties) = preSolution
		HideSolutionNode = FALSE
	EndGlobalSection
	GlobalSection(ExtensibilityGlobals) = postSolution
		SolutionGuid = {ACA0565E-3389-41EA-A05C-E933792F3AED}
	EndGlobalSection
EndGlobal
